
Microsoft Visual Studio Solution File, Format Version 12.00
# Visual Studio Version 16
VisualStudioVersion = 16.0.29728.190
MinimumVisualStudioVersion = 10.0.40219.1
Project("{9A19103F-16F7-4668-BE54-9A1E7A4F7556}") = "EchoClient", "ConsoleApp1\EchoClient.csproj", "{29EA1C71-4BB1-483E-9846-EA8E38F93705}"
EndProject
Project("{FAE04EC0-301F-11D3-BF4B-00C04F79EFBC}") = "EchoServer", "EchoServer\EchoServer.csproj", "{51654645-BEB1-4EBE-938B-EFFACB93EE86}"
EndProject
Global
	GlobalSection(SolutionConfigurationPlatforms) = preSolution
		Debug|Any CPU = Debug|Any CPU
		Release|Any CPU = Release|Any CPU
	EndGlobalSection
	GlobalSection(ProjectConfigurationPlatforms) = postSolution
		{29EA1C71-4BB1-483E-9846-EA8E38F93705}.Debug|Any CPU.ActiveCfg = Debug|Any CPU
		{29EA1C71-4BB1-483E-9846-EA8E38F93705}.Debug|Any CPU.Build.0 = Debug|Any CPU
		{29EA1C71-4BB1-483E-9846-EA8E38F93705}.Release|Any CPU.ActiveCfg = Release|Any CPU
		{29EA1C71-4BB1-483E-9846-EA8E38F93705}.Release|Any CPU.Build.0 = Release|Any CPU
		{51654645-BEB1-4EBE-938B-EFFACB93EE86}.Debug|Any CPU.ActiveCfg = Debug|Any CPU
		{51654645-BEB1-4EBE-938B-EFFACB93EE86}.Debug|Any CPU.Build.0 = Debug|Any CPU
		{51654645-BEB1-4EBE-938B-EFFACB93EE86}.Release|Any CPU.ActiveCfg = Release|Any CPU
		{51654645-BEB1-4EBE-938B-EFFACB93EE86}.Release|Any CPU.Build.0 = Release|Any CPU
	EndGlobalSection
	GlobalSection(SolutionProperties) = preSolution
		HideSolutionNode = FALSE
	EndGlobalSection
	GlobalSection(ExtensibilityGlobals) = postSolution
		SolutionGuid = {813BBE43-E2CC-4352-8FD9-26DEDFB34AE9}
	EndGlobalSection
EndGlobal
